
Microsoft Visual Studio Solution File, Format Version 12.00
# Visual Studio 15
VisualStudioVersion = 15.0.28307.136
MinimumVisualStudioVersion = 10.0.40219.1
Project("{FAE04EC0-301F-11D3-BF4B-00C04F79EFBC}") = "DataAccessLayer", "DataAccessLayer\DataAccessLayer.csproj", "{0DD49177-17E9-46F5-8299-8AE258C44AA5}"
EndProject
Project("{FAE04EC0-301F-11D3-BF4B-00C04F79EFBC}") = "DishClassLibrary", "DishClassLibrary\DishClassLibrary.csproj", "{91B6CCD1-092B-41D2-8328-22C62B4B8FCA}"
EndProject
Project("{FAE04EC0-301F-11D3-BF4B-00C04F79EFBC}") = "BL", "BL\BL.csproj", "{2268E44F-2817-4E29-93A9-D21D4C94146F}"
EndProject
Project("{FAE04EC0-301F-11D3-BF4B-00C04F79EFBC}") = "DependencyInjection", "DependencyInjection\DependencyInjection.csproj", "{327D7D2A-E750-47D1-9B2A-989E63CAE87B}"
EndProject
Project("{FAE04EC0-301F-11D3-BF4B-00C04F79EFBC}") = "Project", "Project\Project.csproj", "{C2DD920A-1851-416C-86D5-985DFC1F3E09}"
EndProject
Project("{FAE04EC0-301F-11D3-BF4B-00C04F79EFBC}") = "Project.Tests", "Project.Tests\Project.Tests.csproj", "{425BE55D-FD9B-47CE-AE52-027C4457618F}"
EndProject
Global
	GlobalSection(SolutionConfigurationPlatforms) = preSolution
		Debug|Any CPU = Debug|Any CPU
		Release|Any CPU = Release|Any CPU
	EndGlobalSection
	GlobalSection(ProjectConfigurationPlatforms) = postSolution
		{0DD49177-17E9-46F5-8299-8AE258C44AA5}.Debug|Any CPU.ActiveCfg = Debug|Any CPU
		{0DD49177-17E9-46F5-8299-8AE258C44AA5}.Debug|Any CPU.Build.0 = Debug|Any CPU
		{0DD49177-17E9-46F5-8299-8AE258C44AA5}.Release|Any CPU.ActiveCfg = Release|Any CPU
		{0DD49177-17E9-46F5-8299-8AE258C44AA5}.Release|Any CPU.Build.0 = Release|Any CPU
		{91B6CCD1-092B-41D2-8328-22C62B4B8FCA}.Debug|Any CPU.ActiveCfg = Debug|Any CPU
		{91B6CCD1-092B-41D2-8328-22C62B4B8FCA}.Debug|Any CPU.Build.0 = Debug|Any CPU
		{91B6CCD1-092B-41D2-8328-22C62B4B8FCA}.Release|Any CPU.ActiveCfg = Release|Any CPU
		{91B6CCD1-092B-41D2-8328-22C62B4B8FCA}.Release|Any CPU.Build.0 = Release|Any CPU
		{2268E44F-2817-4E29-93A9-D21D4C94146F}.Debug|Any CPU.ActiveCfg = Debug|Any CPU
		{2268E44F-2817-4E29-93A9-D21D4C94146F}.Debug|Any CPU.Build.0 = Debug|Any CPU
		{2268E44F-2817-4E29-93A9-D21D4C94146F}.Release|Any CPU.ActiveCfg = Release|Any CPU
		{2268E44F-2817-4E29-93A9-D21D4C94146F}.Release|Any CPU.Build.0 = Release|Any CPU
		{327D7D2A-E750-47D1-9B2A-989E63CAE87B}.Debug|Any CPU.ActiveCfg = Debug|Any CPU
		{327D7D2A-E750-47D1-9B2A-989E63CAE87B}.Debug|Any CPU.Build.0 = Debug|Any CPU
		{327D7D2A-E750-47D1-9B2A-989E63CAE87B}.Release|Any CPU.ActiveCfg = Release|Any CPU
		{327D7D2A-E750-47D1-9B2A-989E63CAE87B}.Release|Any CPU.Build.0 = Release|Any CPU
		{C2DD920A-1851-416C-86D5-985DFC1F3E09}.Debug|Any CPU.ActiveCfg = Debug|Any CPU
		{C2DD920A-1851-416C-86D5-985DFC1F3E09}.Debug|Any CPU.Build.0 = Debug|Any CPU
		{C2DD920A-1851-416C-86D5-985DFC1F3E09}.Release|Any CPU.ActiveCfg = Release|Any CPU
		{C2DD920A-1851-416C-86D5-985DFC1F3E09}.Release|Any CPU.Build.0 = Release|Any CPU
		{425BE55D-FD9B-47CE-AE52-027C4457618F}.Debug|Any CPU.ActiveCfg = Debug|Any CPU
		{425BE55D-FD9B-47CE-AE52-027C4457618F}.Debug|Any CPU.Build.0 = Debug|Any CPU
		{425BE55D-FD9B-47CE-AE52-027C4457618F}.Release|Any CPU.ActiveCfg = Release|Any CPU
		{425BE55D-FD9B-47CE-AE52-027C4457618F}.Release|Any CPU.Build.0 = Release|Any CPU
	EndGlobalSection
	GlobalSection(SolutionProperties) = preSolution
		HideSolutionNode = FALSE
	EndGlobalSection
	GlobalSection(ExtensibilityGlobals) = postSolution
		SolutionGuid = {895A6D0A-DC12-4E74-A238-9393BF11D8F6}
	EndGlobalSection
EndGlobal
